
Microsoft Visual Studio Solution File, Format Version 12.00
# Visual Studio 15
VisualStudioVersion = 15.0.27428.2005
MinimumVisualStudioVersion = 10.0.40219.1
Project("{2150E333-8FDC-42A3-9474-1A3956D46DE8}") = "1.WebUI_Layer", "1.WebUI_Layer", "{BD6558F0-3D11-4564-95D3-869FBB5A11AC}"
EndProject
Project("{2150E333-8FDC-42A3-9474-1A3956D46DE8}") = "2.Service_Layer", "2.Service_Layer", "{A81F2A76-2070-4631-BC61-EE46050CBE98}"
EndProject
Project("{2150E333-8FDC-42A3-9474-1A3956D46DE8}") = "3.Repository_Layer", "3.Repository_Layer", "{22489853-C2F6-46F5-967C-CA2A2F37798C}"
EndProject
Project("{2150E333-8FDC-42A3-9474-1A3956D46DE8}") = "4.Model_Layer", "4.Model_Layer", "{D1269B9B-A70E-445A-95F2-5D0D33EBC687}"
EndProject
Project("{2150E333-8FDC-42A3-9474-1A3956D46DE8}") = "5.Infrastructrue_Layer", "5.Infrastructrue_Layer", "{B7D0AA7A-587C-44F3-9468-7332144B94BC}"
EndProject
Project("{FAE04EC0-301F-11D3-BF4B-00C04F79EFBC}") = "ViewModels", "ViewModels\ViewModels.csproj", "{F893BBAC-F207-4F3B-8DCB-DDED509ED0AC}"
EndProject
Project("{FAE04EC0-301F-11D3-BF4B-00C04F79EFBC}") = "AutoMapperLib", "AutoMapperLib\AutoMapperLib.csproj", "{D124D717-5579-4252-B4FD-5AF58DB94C7A}"
EndProject
Project("{FAE04EC0-301F-11D3-BF4B-00C04F79EFBC}") = "HelperLib", "HelperLib\HelperLib.csproj", "{AAFCE7E9-AD8D-425B-AA1A-9590F85F25E9}"
EndProject
Project("{FAE04EC0-301F-11D3-BF4B-00C04F79EFBC}") = "LogLib", "LogLib\LogLib.csproj", "{AB4FF509-BF91-4155-A36C-9DB4A0F9E980}"
EndProject
Project("{FAE04EC0-301F-11D3-BF4B-00C04F79EFBC}") = "WechatAppLib", "WechatAppLib\WechatAppLib.csproj", "{66ECA7F2-84DE-4D91-8464-8CA1EF61F039}"
EndProject
Project("{FAE04EC0-301F-11D3-BF4B-00C04F79EFBC}") = "CarRepairAPI", "CarRepairAPI\CarRepairAPI.csproj", "{70435BCA-65E9-4777-9234-6256581446FA}"
EndProject
Project("{FAE04EC0-301F-11D3-BF4B-00C04F79EFBC}") = "Service", "Service\Service.csproj", "{5F756021-5DF4-4B78-AEC3-F19D86C84922}"
EndProject
Project("{FAE04EC0-301F-11D3-BF4B-00C04F79EFBC}") = "CarRepairWeb", "CarRepairWeb\CarRepairWeb.csproj", "{46C4746E-CCE1-43DB-A843-1281864711A6}"
EndProject
Project("{FAE04EC0-301F-11D3-BF4B-00C04F79EFBC}") = "EntityModels", "EntityModels\EntityModels.csproj", "{ADD76BCE-0F70-4840-9980-3351E2733733}"
EndProject
Project("{FAE04EC0-301F-11D3-BF4B-00C04F79EFBC}") = "Repository", "Repository\Repository.csproj", "{58D69A7B-FBAE-4CE1-8B0B-EC19BFE6C20E}"
EndProject
Project("{FAE04EC0-301F-11D3-BF4B-00C04F79EFBC}") = "DapperLib", "DapperLib\DapperLib.csproj", "{8963F493-690E-46E6-B58C-CB370173A907}"
EndProject
Project("{FAE04EC0-301F-11D3-BF4B-00C04F79EFBC}") = "TestConsole", "TestConsole\TestConsole.csproj", "{4C34E4A5-4C0E-49EB-A0E5-01CD176F12B7}"
EndProject
Project("{FAE04EC0-301F-11D3-BF4B-00C04F79EFBC}") = "CarRepairWS", "CarRepairWS\CarRepairWS.csproj", "{D244B5D3-44DA-440D-AB7B-179887EB224B}"
EndProject
Project("{FAE04EC0-301F-11D3-BF4B-00C04F79EFBC}") = "RedisLib", "RedisLib\RedisLib.csproj", "{308769BD-AF2A-4AE0-A6DF-A696B88130AA}"
EndProject
Project("{FAE04EC0-301F-11D3-BF4B-00C04F79EFBC}") = "ThirdPartyLib", "ThirdPartyLib\ThirdPartyLib.csproj", "{BFE2D275-4637-4601-ABE2-49C7FC71B272}"
EndProject
Global
	GlobalSection(SolutionConfigurationPlatforms) = preSolution
		Debug|Any CPU = Debug|Any CPU
		Release|Any CPU = Release|Any CPU
	EndGlobalSection
	GlobalSection(ProjectConfigurationPlatforms) = postSolution
		{F893BBAC-F207-4F3B-8DCB-DDED509ED0AC}.Debug|Any CPU.ActiveCfg = Debug|Any CPU
		{F893BBAC-F207-4F3B-8DCB-DDED509ED0AC}.Debug|Any CPU.Build.0 = Debug|Any CPU
		{F893BBAC-F207-4F3B-8DCB-DDED509ED0AC}.Release|Any CPU.ActiveCfg = Release|Any CPU
		{F893BBAC-F207-4F3B-8DCB-DDED509ED0AC}.Release|Any CPU.Build.0 = Release|Any CPU
		{D124D717-5579-4252-B4FD-5AF58DB94C7A}.Debug|Any CPU.ActiveCfg = Debug|Any CPU
		{D124D717-5579-4252-B4FD-5AF58DB94C7A}.Debug|Any CPU.Build.0 = Debug|Any CPU
		{D124D717-5579-4252-B4FD-5AF58DB94C7A}.Release|Any CPU.ActiveCfg = Release|Any CPU
		{D124D717-5579-4252-B4FD-5AF58DB94C7A}.Release|Any CPU.Build.0 = Release|Any CPU
		{AAFCE7E9-AD8D-425B-AA1A-9590F85F25E9}.Debug|Any CPU.ActiveCfg = Debug|Any CPU
		{AAFCE7E9-AD8D-425B-AA1A-9590F85F25E9}.Debug|Any CPU.Build.0 = Debug|Any CPU
		{AAFCE7E9-AD8D-425B-AA1A-9590F85F25E9}.Release|Any CPU.ActiveCfg = Release|Any CPU
		{AAFCE7E9-AD8D-425B-AA1A-9590F85F25E9}.Release|Any CPU.Build.0 = Release|Any CPU
		{AB4FF509-BF91-4155-A36C-9DB4A0F9E980}.Debug|Any CPU.ActiveCfg = Debug|Any CPU
		{AB4FF509-BF91-4155-A36C-9DB4A0F9E980}.Debug|Any CPU.Build.0 = Debug|Any CPU
		{AB4FF509-BF91-4155-A36C-9DB4A0F9E980}.Release|Any CPU.ActiveCfg = Release|Any CPU
		{AB4FF509-BF91-4155-A36C-9DB4A0F9E980}.Release|Any CPU.Build.0 = Release|Any CPU
		{66ECA7F2-84DE-4D91-8464-8CA1EF61F039}.Debug|Any CPU.ActiveCfg = Debug|Any CPU
		{66ECA7F2-84DE-4D91-8464-8CA1EF61F039}.Debug|Any CPU.Build.0 = Debug|Any CPU
		{66ECA7F2-84DE-4D91-8464-8CA1EF61F039}.Release|Any CPU.ActiveCfg = Release|Any CPU
		{66ECA7F2-84DE-4D91-8464-8CA1EF61F039}.Release|Any CPU.Build.0 = Release|Any CPU
		{70435BCA-65E9-4777-9234-6256581446FA}.Debug|Any CPU.ActiveCfg = Debug|Any CPU
		{70435BCA-65E9-4777-9234-6256581446FA}.Debug|Any CPU.Build.0 = Debug|Any CPU
		{70435BCA-65E9-4777-9234-6256581446FA}.Release|Any CPU.ActiveCfg = Release|Any CPU
		{70435BCA-65E9-4777-9234-6256581446FA}.Release|Any CPU.Build.0 = Release|Any CPU
		{5F756021-5DF4-4B78-AEC3-F19D86C84922}.Debug|Any CPU.ActiveCfg = Debug|Any CPU
		{5F756021-5DF4-4B78-AEC3-F19D86C84922}.Debug|Any CPU.Build.0 = Debug|Any CPU
		{5F756021-5DF4-4B78-AEC3-F19D86C84922}.Release|Any CPU.ActiveCfg = Release|Any CPU
		{5F756021-5DF4-4B78-AEC3-F19D86C84922}.Release|Any CPU.Build.0 = Release|Any CPU
		{46C4746E-CCE1-43DB-A843-1281864711A6}.Debug|Any CPU.ActiveCfg = Debug|Any CPU
		{46C4746E-CCE1-43DB-A843-1281864711A6}.Debug|Any CPU.Build.0 = Debug|Any CPU
		{46C4746E-CCE1-43DB-A843-1281864711A6}.Release|Any CPU.ActiveCfg = Release|Any CPU
		{46C4746E-CCE1-43DB-A843-1281864711A6}.Release|Any CPU.Build.0 = Release|Any CPU
		{ADD76BCE-0F70-4840-9980-3351E2733733}.Debug|Any CPU.ActiveCfg = Debug|Any CPU
		{ADD76BCE-0F70-4840-9980-3351E2733733}.Debug|Any CPU.Build.0 = Debug|Any CPU
		{ADD76BCE-0F70-4840-9980-3351E2733733}.Release|Any CPU.ActiveCfg = Release|Any CPU
		{ADD76BCE-0F70-4840-9980-3351E2733733}.Release|Any CPU.Build.0 = Release|Any CPU
		{58D69A7B-FBAE-4CE1-8B0B-EC19BFE6C20E}.Debug|Any CPU.ActiveCfg = Debug|Any CPU
		{58D69A7B-FBAE-4CE1-8B0B-EC19BFE6C20E}.Debug|Any CPU.Build.0 = Debug|Any CPU
		{58D69A7B-FBAE-4CE1-8B0B-EC19BFE6C20E}.Release|Any CPU.ActiveCfg = Release|Any CPU
		{58D69A7B-FBAE-4CE1-8B0B-EC19BFE6C20E}.Release|Any CPU.Build.0 = Release|Any CPU
		{8963F493-690E-46E6-B58C-CB370173A907}.Debug|Any CPU.ActiveCfg = Debug|Any CPU
		{8963F493-690E-46E6-B58C-CB370173A907}.Debug|Any CPU.Build.0 = Debug|Any CPU
		{8963F493-690E-46E6-B58C-CB370173A907}.Release|Any CPU.ActiveCfg = Release|Any CPU
		{8963F493-690E-46E6-B58C-CB370173A907}.Release|Any CPU.Build.0 = Release|Any CPU
		{4C34E4A5-4C0E-49EB-A0E5-01CD176F12B7}.Debug|Any CPU.ActiveCfg = Debug|Any CPU
		{4C34E4A5-4C0E-49EB-A0E5-01CD176F12B7}.Debug|Any CPU.Build.0 = Debug|Any CPU
		{4C34E4A5-4C0E-49EB-A0E5-01CD176F12B7}.Release|Any CPU.ActiveCfg = Release|Any CPU
		{4C34E4A5-4C0E-49EB-A0E5-01CD176F12B7}.Release|Any CPU.Build.0 = Release|Any CPU
		{D244B5D3-44DA-440D-AB7B-179887EB224B}.Debug|Any CPU.ActiveCfg = Debug|Any CPU
		{D244B5D3-44DA-440D-AB7B-179887EB224B}.Debug|Any CPU.Build.0 = Debug|Any CPU
		{D244B5D3-44DA-440D-AB7B-179887EB224B}.Release|Any CPU.ActiveCfg = Release|Any CPU
		{D244B5D3-44DA-440D-AB7B-179887EB224B}.Release|Any CPU.Build.0 = Release|Any CPU
		{308769BD-AF2A-4AE0-A6DF-A696B88130AA}.Debug|Any CPU.ActiveCfg = Debug|Any CPU
		{308769BD-AF2A-4AE0-A6DF-A696B88130AA}.Debug|Any CPU.Build.0 = Debug|Any CPU
		{308769BD-AF2A-4AE0-A6DF-A696B88130AA}.Release|Any CPU.ActiveCfg = Release|Any CPU
		{308769BD-AF2A-4AE0-A6DF-A696B88130AA}.Release|Any CPU.Build.0 = Release|Any CPU
		{BFE2D275-4637-4601-ABE2-49C7FC71B272}.Debug|Any CPU.ActiveCfg = Debug|Any CPU
		{BFE2D275-4637-4601-ABE2-49C7FC71B272}.Debug|Any CPU.Build.0 = Debug|Any CPU
		{BFE2D275-4637-4601-ABE2-49C7FC71B272}.Release|Any CPU.ActiveCfg = Release|Any CPU
		{BFE2D275-4637-4601-ABE2-49C7FC71B272}.Release|Any CPU.Build.0 = Release|Any CPU
	EndGlobalSection
	GlobalSection(SolutionProperties) = preSolution
		HideSolutionNode = FALSE
	EndGlobalSection
	GlobalSection(NestedProjects) = preSolution
		{F893BBAC-F207-4F3B-8DCB-DDED509ED0AC} = {D1269B9B-A70E-445A-95F2-5D0D33EBC687}
		{D124D717-5579-4252-B4FD-5AF58DB94C7A} = {B7D0AA7A-587C-44F3-9468-7332144B94BC}
		{AAFCE7E9-AD8D-425B-AA1A-9590F85F25E9} = {B7D0AA7A-587C-44F3-9468-7332144B94BC}
		{AB4FF509-BF91-4155-A36C-9DB4A0F9E980} = {B7D0AA7A-587C-44F3-9468-7332144B94BC}
		{66ECA7F2-84DE-4D91-8464-8CA1EF61F039} = {B7D0AA7A-587C-44F3-9468-7332144B94BC}
		{70435BCA-65E9-4777-9234-6256581446FA} = {BD6558F0-3D11-4564-95D3-869FBB5A11AC}
		{5F756021-5DF4-4B78-AEC3-F19D86C84922} = {A81F2A76-2070-4631-BC61-EE46050CBE98}
		{46C4746E-CCE1-43DB-A843-1281864711A6} = {BD6558F0-3D11-4564-95D3-869FBB5A11AC}
		{ADD76BCE-0F70-4840-9980-3351E2733733} = {D1269B9B-A70E-445A-95F2-5D0D33EBC687}
		{58D69A7B-FBAE-4CE1-8B0B-EC19BFE6C20E} = {22489853-C2F6-46F5-967C-CA2A2F37798C}
		{8963F493-690E-46E6-B58C-CB370173A907} = {B7D0AA7A-587C-44F3-9468-7332144B94BC}
		{4C34E4A5-4C0E-49EB-A0E5-01CD176F12B7} = {BD6558F0-3D11-4564-95D3-869FBB5A11AC}
		{D244B5D3-44DA-440D-AB7B-179887EB224B} = {BD6558F0-3D11-4564-95D3-869FBB5A11AC}
		{308769BD-AF2A-4AE0-A6DF-A696B88130AA} = {B7D0AA7A-587C-44F3-9468-7332144B94BC}
		{BFE2D275-4637-4601-ABE2-49C7FC71B272} = {B7D0AA7A-587C-44F3-9468-7332144B94BC}
	EndGlobalSection
	GlobalSection(ExtensibilityGlobals) = postSolution
		SolutionGuid = {740D142F-55B1-4A0E-A549-7A56ACDE35DF}
	EndGlobalSection
EndGlobal
